
Microsoft Visual Studio Solution File, Format Version 12.00
# Visual Studio Version 17
VisualStudioVersion = 17.8.34316.72
MinimumVisualStudioVersion = 10.0.40219.1
Project("{FAE04EC0-301F-11D3-BF4B-00C04F79EFBC}") = "MVC1", "MVC1\MVC1.csproj", "{F26822A3-12D1-41A2-9FE1-846E819E7F12}"
EndProject
Global
	GlobalSection(SolutionConfigurationPlatforms) = preSolution
		Debug|Any CPU = Debug|Any CPU
		Release|Any CPU = Release|Any CPU
	EndGlobalSection
	GlobalSection(ProjectConfigurationPlatforms) = postSolution
		{F26822A3-12D1-41A2-9FE1-846E819E7F12}.Debug|Any CPU.ActiveCfg = Debug|Any CPU
		{F26822A3-12D1-41A2-9FE1-846E819E7F12}.Debug|Any CPU.Build.0 = Debug|Any CPU
		{F26822A3-12D1-41A2-9FE1-846E819E7F12}.Release|Any CPU.ActiveCfg = Release|Any CPU
		{F26822A3-12D1-41A2-9FE1-846E819E7F12}.Release|Any CPU.Build.0 = Release|Any CPU
	EndGlobalSection
	GlobalSection(SolutionProperties) = preSolution
		HideSolutionNode = FALSE
	EndGlobalSection
	GlobalSection(ExtensibilityGlobals) = postSolution
		SolutionGuid = {6FF78A2B-886D-451F-BED1-C70D6AB58622}
	EndGlobalSection
EndGlobal
